
Microsoft Visual Studio Solution File, Format Version 12.00
# Visual Studio Version 17
VisualStudioVersion = 17.11.35312.102
MinimumVisualStudioVersion = 10.0.40219.1
Project("{9A19103F-16F7-4668-BE54-9A1E7A4F7556}") = "Caravan.Logic", "Caravan.Logic.csproj", "{B737DF24-4218-4E0A-8DCA-FE5493C5D2DB}"
EndProject
Project("{9A19103F-16F7-4668-BE54-9A1E7A4F7556}") = "Caravan.LogicTests", "..\Caravan.LogicTests\Caravan.LogicTests.csproj", "{41D90C54-4F33-4134-996D-FF2DE9FE995C}"
EndProject
Project("{9A19103F-16F7-4668-BE54-9A1E7A4F7556}") = "Caravan.ConApp", "..\Caravan.ConApp\Caravan.ConApp.csproj", "{4B39A843-86E4-4DB8-9AC6-9AEE9A26A321}"
EndProject
Project("{FAE04EC0-301F-11D3-BF4B-00C04F79EFBC}") = "Caravan.Mono", "..\Caravan.Mono\Caravan.Mono.csproj", "{4E4E8FA0-CF6C-4E33-AE32-E64BF88D589F}"
EndProject
Global
	GlobalSection(SolutionConfigurationPlatforms) = preSolution
		Debug|Any CPU = Debug|Any CPU
		Release|Any CPU = Release|Any CPU
	EndGlobalSection
	GlobalSection(ProjectConfigurationPlatforms) = postSolution
		{B737DF24-4218-4E0A-8DCA-FE5493C5D2DB}.Debug|Any CPU.ActiveCfg = Debug|Any CPU
		{B737DF24-4218-4E0A-8DCA-FE5493C5D2DB}.Debug|Any CPU.Build.0 = Debug|Any CPU
		{B737DF24-4218-4E0A-8DCA-FE5493C5D2DB}.Release|Any CPU.ActiveCfg = Release|Any CPU
		{B737DF24-4218-4E0A-8DCA-FE5493C5D2DB}.Release|Any CPU.Build.0 = Release|Any CPU
		{41D90C54-4F33-4134-996D-FF2DE9FE995C}.Debug|Any CPU.ActiveCfg = Debug|Any CPU
		{41D90C54-4F33-4134-996D-FF2DE9FE995C}.Debug|Any CPU.Build.0 = Debug|Any CPU
		{41D90C54-4F33-4134-996D-FF2DE9FE995C}.Release|Any CPU.ActiveCfg = Release|Any CPU
		{41D90C54-4F33-4134-996D-FF2DE9FE995C}.Release|Any CPU.Build.0 = Release|Any CPU
		{4B39A843-86E4-4DB8-9AC6-9AEE9A26A321}.Debug|Any CPU.ActiveCfg = Debug|Any CPU
		{4B39A843-86E4-4DB8-9AC6-9AEE9A26A321}.Debug|Any CPU.Build.0 = Debug|Any CPU
		{4B39A843-86E4-4DB8-9AC6-9AEE9A26A321}.Release|Any CPU.ActiveCfg = Release|Any CPU
		{4B39A843-86E4-4DB8-9AC6-9AEE9A26A321}.Release|Any CPU.Build.0 = Release|Any CPU
		{4E4E8FA0-CF6C-4E33-AE32-E64BF88D589F}.Debug|Any CPU.ActiveCfg = Debug|Any CPU
		{4E4E8FA0-CF6C-4E33-AE32-E64BF88D589F}.Debug|Any CPU.Build.0 = Debug|Any CPU
		{4E4E8FA0-CF6C-4E33-AE32-E64BF88D589F}.Release|Any CPU.ActiveCfg = Release|Any CPU
		{4E4E8FA0-CF6C-4E33-AE32-E64BF88D589F}.Release|Any CPU.Build.0 = Release|Any CPU
	EndGlobalSection
	GlobalSection(SolutionProperties) = preSolution
		HideSolutionNode = FALSE
	EndGlobalSection
	GlobalSection(ExtensibilityGlobals) = postSolution
		SolutionGuid = {B7357CB2-6C8B-4687-9287-FA3971D374A8}
	EndGlobalSection
EndGlobal
